// !$*UTF8*$!
{
	archiveVersion = 1;
	classes = {
	};
	objectVersion = 50;
	objects = {

/* Begin PBXBuildFile section */
		DD8C1C31268CAF93006CDD9C /* AppDelegate.swift in Sources */ = {isa = PBXBuildFile; fileRef = DD8C1C30268CAF93006CDD9C /* AppDelegate.swift */; };
		DD8C1C33268CAF93006CDD9C /* SceneDelegate.swift in Sources */ = {isa = PBXBuildFile; fileRef = DD8C1C32268CAF93006CDD9C /* SceneDelegate.swift */; };
		DD8C1C35268CAF93006CDD9C /* ViewController.swift in Sources */ = {isa = PBXBuildFile; fileRef = DD8C1C34268CAF93006CDD9C /* ViewController.swift */; };
		DD8C1C38268CAF93006CDD9C /* Main.storyboard in Resources */ = {isa = PBXBuildFile; fileRef = DD8C1C36268CAF93006CDD9C /* Main.storyboard */; };
		DD8C1C3A268CAF94006CDD9C /* Assets.xcassets in Resources */ = {isa = PBXBuildFile; fileRef = DD8C1C39268CAF94006CDD9C /* Assets.xcassets */; };
		DD8C1C3D268CAF94006CDD9C /* LaunchScreen.storyboard in Resources */ = {isa = PBXBuildFile; fileRef = DD8C1C3B268CAF94006CDD9C /* LaunchScreen.storyboard */; };
		DD8C1C46268CB6A2006CDD9C /* Viagem.swift in Sources */ = {isa = PBXBuildFile; fileRef = DD8C1C45268CB6A2006CDD9C /* Viagem.swift */; };
		DD8C1C4D268CB8B5006CDD9C /* TableViewCell.swift in Sources */ = {isa = PBXBuildFile; fileRef = DD8C1C4C268CB8B5006CDD9C /* TableViewCell.swift */; };
		DD8C1C6C26934E6A006CDD9C /* PacotesViagensViewController.swift in Sources */ = {isa = PBXBuildFile; fileRef = DD8C1C6B26934E6A006CDD9C /* PacotesViagensViewController.swift */; };
		DD8C1C7026934F79006CDD9C /* PacoteViagemCollectionViewCell.swift in Sources */ = {isa = PBXBuildFile; fileRef = DD8C1C6F26934F79006CDD9C /* PacoteViagemCollectionViewCell.swift */; };
		DD8C1C76269499A7006CDD9C /* DetalhesViagemViewController.swift in Sources */ = {isa = PBXBuildFile; fileRef = DD8C1C75269499A7006CDD9C /* DetalhesViagemViewController.swift */; };
		DD8C1C7926949EE6006CDD9C /* PacoteViagem.swift in Sources */ = {isa = PBXBuildFile; fileRef = DD8C1C7826949EE6006CDD9C /* PacoteViagem.swift */; };
		DD8C1C7C2694A122006CDD9C /* ViagemDAO.swift in Sources */ = {isa = PBXBuildFile; fileRef = DD8C1C7B2694A122006CDD9C /* ViagemDAO.swift */; };
		DD8C1C802694A157006CDD9C /* PacoteViagemDAO.swift in Sources */ = {isa = PBXBuildFile; fileRef = DD8C1C7F2694A157006CDD9C /* PacoteViagemDAO.swift */; };
		DD8C1C952694A18F006CDD9C /* icon_back.png in Resources */ = {isa = PBXBuildFile; fileRef = DD8C1C842694A18F006CDD9C /* icon_back.png */; };
		DD8C1C962694A18F006CDD9C /* icon_search@2x.png in Resources */ = {isa = PBXBuildFile; fileRef = DD8C1C852694A18F006CDD9C /* icon_search@2x.png */; };
		DD8C1C972694A18F006CDD9C /* icon_package@2x.png in Resources */ = {isa = PBXBuildFile; fileRef = DD8C1C862694A18F006CDD9C /* icon_package@2x.png */; };
		DD8C1C982694A18F006CDD9C /* img9.jpg in Resources */ = {isa = PBXBuildFile; fileRef = DD8C1C872694A18F006CDD9C /* img9.jpg */; };
		DD8C1C992694A18F006CDD9C /* img8.jpg in Resources */ = {isa = PBXBuildFile; fileRef = DD8C1C882694A18F006CDD9C /* img8.jpg */; };
		DD8C1C9A2694A18F006CDD9C /* icon_airplane.png in Resources */ = {isa = PBXBuildFile; fileRef = DD8C1C892694A18F006CDD9C /* icon_airplane.png */; };
		DD8C1C9B2694A18F006CDD9C /* img5.jpg in Resources */ = {isa = PBXBuildFile; fileRef = DD8C1C8A2694A18F006CDD9C /* img5.jpg */; };
		DD8C1C9C2694A18F006CDD9C /* img4.jpg in Resources */ = {isa = PBXBuildFile; fileRef = DD8C1C8B2694A18F006CDD9C /* img4.jpg */; };
		DD8C1C9D2694A18F006CDD9C /* img6.jpg in Resources */ = {isa = PBXBuildFile; fileRef = DD8C1C8C2694A18F006CDD9C /* img6.jpg */; };
		DD8C1C9E2694A18F006CDD9C /* img7.jpg in Resources */ = {isa = PBXBuildFile; fileRef = DD8C1C8D2694A18F006CDD9C /* img7.jpg */; };
		DD8C1C9F2694A18F006CDD9C /* img3.jpg in Resources */ = {isa = PBXBuildFile; fileRef = DD8C1C8E2694A18F006CDD9C /* img3.jpg */; };
		DD8C1CA02694A18F006CDD9C /* img2.jpg in Resources */ = {isa = PBXBuildFile; fileRef = DD8C1C8F2694A18F006CDD9C /* img2.jpg */; };
		DD8C1CA12694A18F006CDD9C /* icon_breakfast.png in Resources */ = {isa = PBXBuildFile; fileRef = DD8C1C902694A18F006CDD9C /* icon_breakfast.png */; };
		DD8C1CA22694A18F006CDD9C /* img1.png in Resources */ = {isa = PBXBuildFile; fileRef = DD8C1C912694A18F006CDD9C /* img1.png */; };
		DD8C1CA32694A18F006CDD9C /* img11.jpg in Resources */ = {isa = PBXBuildFile; fileRef = DD8C1C922694A18F006CDD9C /* img11.jpg */; };
		DD8C1CA42694A18F006CDD9C /* img10.jpg in Resources */ = {isa = PBXBuildFile; fileRef = DD8C1C932694A18F006CDD9C /* img10.jpg */; };
		DD8C1CA52694A18F006CDD9C /* icon_hotel.png in Resources */ = {isa = PBXBuildFile; fileRef = DD8C1C942694A18F006CDD9C /* icon_hotel.png */; };
		DDE0B0EB2694DF48004A2CC9 /* ConfirmacaoPagamentoViewController.swift in Sources */ = {isa = PBXBuildFile; fileRef = DDE0B0EA2694DF48004A2CC9 /* ConfirmacaoPagamentoViewController.swift */; };
/* End PBXBuildFile section */

/* Begin PBXFileReference section */
		DD8C1C2D268CAF93006CDD9C /* Viagens.app */ = {isa = PBXFileReference; explicitFileType = wrapper.application; includeInIndex = 0; path = Viagens.app; sourceTree = BUILT_PRODUCTS_DIR; };
		DD8C1C30268CAF93006CDD9C /* AppDelegate.swift */ = {isa = PBXFileReference; lastKnownFileType = sourcecode.swift; path = AppDelegate.swift; sourceTree = "<group>"; };
		DD8C1C32268CAF93006CDD9C /* SceneDelegate.swift */ = {isa = PBXFileReference; lastKnownFileType = sourcecode.swift; path = SceneDelegate.swift; sourceTree = "<group>"; };
		DD8C1C34268CAF93006CDD9C /* ViewController.swift */ = {isa = PBXFileReference; lastKnownFileType = sourcecode.swift; path = ViewController.swift; sourceTree = "<group>"; };
		DD8C1C37268CAF93006CDD9C /* Base */ = {isa = PBXFileReference; lastKnownFileType = file.storyboard; name = Base; path = Base.lproj/Main.storyboard; sourceTree = "<group>"; };
		DD8C1C39268CAF94006CDD9C /* Assets.xcassets */ = {isa = PBXFileReference; lastKnownFileType = folder.assetcatalog; path = Assets.xcassets; sourceTree = "<group>"; };
		DD8C1C3C268CAF94006CDD9C /* Base */ = {isa = PBXFileReference; lastKnownFileType = file.storyboard; name = Base; path = Base.lproj/LaunchScreen.storyboard; sourceTree = "<group>"; };
		DD8C1C3E268CAF94006CDD9C /* Info.plist */ = {isa = PBXFileReference; lastKnownFileType = text.plist.xml; path = Info.plist; sourceTree = "<group>"; };
		DD8C1C45268CB6A2006CDD9C /* Viagem.swift */ = {isa = PBXFileReference; lastKnownFileType = sourcecode.swift; path = Viagem.swift; sourceTree = "<group>"; };
		DD8C1C4C268CB8B5006CDD9C /* TableViewCell.swift */ = {isa = PBXFileReference; lastKnownFileType = sourcecode.swift; path = TableViewCell.swift; sourceTree = "<group>"; };
		DD8C1C6B26934E6A006CDD9C /* PacotesViagensViewController.swift */ = {isa = PBXFileReference; lastKnownFileType = sourcecode.swift; path = PacotesViagensViewController.swift; sourceTree = "<group>"; };
		DD8C1C6F26934F79006CDD9C /* PacoteViagemCollectionViewCell.swift */ = {isa = PBXFileReference; lastKnownFileType = sourcecode.swift; path = PacoteViagemCollectionViewCell.swift; sourceTree = "<group>"; };
		DD8C1C75269499A7006CDD9C /* DetalhesViagemViewController.swift */ = {isa = PBXFileReference; lastKnownFileType = sourcecode.swift; path = DetalhesViagemViewController.swift; sourceTree = "<group>"; };
		DD8C1C7826949EE6006CDD9C /* PacoteViagem.swift */ = {isa = PBXFileReference; lastKnownFileType = sourcecode.swift; path = PacoteViagem.swift; sourceTree = "<group>"; };
		DD8C1C7B2694A122006CDD9C /* ViagemDAO.swift */ = {isa = PBXFileReference; fileEncoding = 4; lastKnownFileType = sourcecode.swift; name = ViagemDAO.swift; path = "../../../../../../Desktop/Arquivos Projeto/ViagemDAO.swift"; sourceTree = "<group>"; };
		DD8C1C7F2694A157006CDD9C /* PacoteViagemDAO.swift */ = {isa = PBXFileReference; fileEncoding = 4; lastKnownFileType = sourcecode.swift; name = PacoteViagemDAO.swift; path = "../../../../../../Desktop/arquivos-externos/PacoteViagemDAO.swift"; sourceTree = "<group>"; };
		DD8C1C842694A18F006CDD9C /* icon_back.png */ = {isa = PBXFileReference; lastKnownFileType = image.png; path = icon_back.png; sourceTree = "<group>"; };
		DD8C1C852694A18F006CDD9C /* icon_search@2x.png */ = {isa = PBXFileReference; lastKnownFileType = image.png; path = "icon_search@2x.png"; sourceTree = "<group>"; };
		DD8C1C862694A18F006CDD9C /* icon_package@2x.png */ = {isa = PBXFileReference; lastKnownFileType = image.png; path = "icon_package@2x.png"; sourceTree = "<group>"; };
		DD8C1C872694A18F006CDD9C /* img9.jpg */ = {isa = PBXFileReference; lastKnownFileType = image.jpeg; path = img9.jpg; sourceTree = "<group>"; };
		DD8C1C882694A18F006CDD9C /* img8.jpg */ = {isa = PBXFileReference; lastKnownFileType = image.jpeg; path = img8.jpg; sourceTree = "<group>"; };
		DD8C1C892694A18F006CDD9C /* icon_airplane.png */ = {isa = PBXFileReference; lastKnownFileType = image.png; path = icon_airplane.png; sourceTree = "<group>"; };
		DD8C1C8A2694A18F006CDD9C /* img5.jpg */ = {isa = PBXFileReference; lastKnownFileType = image.jpeg; path = img5.jpg; sourceTree = "<group>"; };
		DD8C1C8B2694A18F006CDD9C /* img4.jpg */ = {isa = PBXFileReference; lastKnownFileType = image.jpeg; path = img4.jpg; sourceTree = "<group>"; };
		DD8C1C8C2694A18F006CDD9C /* img6.jpg */ = {isa = PBXFileReference; lastKnownFileType = image.jpeg; path = img6.jpg; sourceTree = "<group>"; };
		DD8C1C8D2694A18F006CDD9C /* img7.jpg */ = {isa = PBXFileReference; lastKnownFileType = image.jpeg; path = img7.jpg; sourceTree = "<group>"; };
		DD8C1C8E2694A18F006CDD9C /* img3.jpg */ = {isa = PBXFileReference; lastKnownFileType = image.jpeg; path = img3.jpg; sourceTree = "<group>"; };
		DD8C1C8F2694A18F006CDD9C /* img2.jpg */ = {isa = PBXFileReference; lastKnownFileType = image.jpeg; path = img2.jpg; sourceTree = "<group>"; };
		DD8C1C902694A18F006CDD9C /* icon_breakfast.png */ = {isa = PBXFileReference; lastKnownFileType = image.png; path = icon_breakfast.png; sourceTree = "<group>"; };
		DD8C1C912694A18F006CDD9C /* img1.png */ = {isa = PBXFileReference; lastKnownFileType = image.png; path = img1.png; sourceTree = "<group>"; };
		DD8C1C922694A18F006CDD9C /* img11.jpg */ = {isa = PBXFileReference; lastKnownFileType = image.jpeg; path = img11.jpg; sourceTree = "<group>"; };
		DD8C1C932694A18F006CDD9C /* img10.jpg */ = {isa = PBXFileReference; lastKnownFileType = image.jpeg; path = img10.jpg; sourceTree = "<group>"; };
		DD8C1C942694A18F006CDD9C /* icon_hotel.png */ = {isa = PBXFileReference; lastKnownFileType = image.png; path = icon_hotel.png; sourceTree = "<group>"; };
		DDE0B0EA2694DF48004A2CC9 /* ConfirmacaoPagamentoViewController.swift */ = {isa = PBXFileReference; lastKnownFileType = sourcecode.swift; path = ConfirmacaoPagamentoViewController.swift; sourceTree = "<group>"; };
/* End PBXFileReference section */

/* Begin PBXFrameworksBuildPhase section */
		DD8C1C2A268CAF93006CDD9C /* Frameworks */ = {
			isa = PBXFrameworksBuildPhase;
			buildActionMask = 2147483647;
			files = (
			);
			runOnlyForDeploymentPostprocessing = 0;
		};
/* End PBXFrameworksBuildPhase section */

/* Begin PBXGroup section */
		DD8C1C24268CAF93006CDD9C = {
			isa = PBXGroup;
			children = (
				DD8C1C2F268CAF93006CDD9C /* Viagens */,
				DD8C1C2E268CAF93006CDD9C /* Products */,
			);
			sourceTree = "<group>";
		};
		DD8C1C2E268CAF93006CDD9C /* Products */ = {
			isa = PBXGroup;
			children = (
				DD8C1C2D268CAF93006CDD9C /* Viagens.app */,
			);
			name = Products;
			sourceTree = "<group>";
		};
		DD8C1C2F268CAF93006CDD9C /* Viagens */ = {
			isa = PBXGroup;
			children = (
				DD8C1C30268CAF93006CDD9C /* AppDelegate.swift */,
				DD8C1C32268CAF93006CDD9C /* SceneDelegate.swift */,
				DD8C1C5C268CBD4C006CDD9C /* Model */,
				DD8C1C5D268CBD5A006CDD9C /* Home */,
				DD8C1C6826934E2A006CDD9C /* Pacotes */,
				DD8C1C7226949944006CDD9C /* DetalhesViagem */,
				DDE0B0E82694DF09004A2CC9 /* ConfirmacaoPagamento */,
				DD8C1C62268CBD94006CDD9C /* ViagemDAO */,
				DD8C1C36268CAF93006CDD9C /* Main.storyboard */,
				DD8C1C832694A18F006CDD9C /* Assets */,
				DD8C1C39268CAF94006CDD9C /* Assets.xcassets */,
				DD8C1C3B268CAF94006CDD9C /* LaunchScreen.storyboard */,
				DD8C1C3E268CAF94006CDD9C /* Info.plist */,
			);
			path = Viagens;
			sourceTree = "<group>";
		};
		DD8C1C5C268CBD4C006CDD9C /* Model */ = {
			isa = PBXGroup;
			children = (
				DD8C1C45268CB6A2006CDD9C /* Viagem.swift */,
				DD8C1C7826949EE6006CDD9C /* PacoteViagem.swift */,
			);
			path = Model;
			sourceTree = "<group>";
		};
		DD8C1C5D268CBD5A006CDD9C /* Home */ = {
			isa = PBXGroup;
			children = (
				DD8C1C5E268CBD82006CDD9C /* Controller */,
				DD8C1C60268CBD8C006CDD9C /* View */,
			);
			path = Home;
			sourceTree = "<group>";
		};
		DD8C1C5E268CBD82006CDD9C /* Controller */ = {
			isa = PBXGroup;
			children = (
				DD8C1C34268CAF93006CDD9C /* ViewController.swift */,
			);
			path = Controller;
			sourceTree = "<group>";
		};
		DD8C1C60268CBD8C006CDD9C /* View */ = {
			isa = PBXGroup;
			children = (
				DD8C1C4C268CB8B5006CDD9C /* TableViewCell.swift */,
			);
			path = View;
			sourceTree = "<group>";
		};
		DD8C1C62268CBD94006CDD9C /* ViagemDAO */ = {
			isa = PBXGroup;
			children = (
				DD8C1C7B2694A122006CDD9C /* ViagemDAO.swift */,
				DD8C1C7F2694A157006CDD9C /* PacoteViagemDAO.swift */,
			);
			path = ViagemDAO;
			sourceTree = "<group>";
		};
		DD8C1C6826934E2A006CDD9C /* Pacotes */ = {
			isa = PBXGroup;
			children = (
				DD8C1C6926934E35006CDD9C /* Controller */,
				DD8C1C6A26934E3B006CDD9C /* View */,
			);
			path = Pacotes;
			sourceTree = "<group>";
		};
		DD8C1C6926934E35006CDD9C /* Controller */ = {
			isa = PBXGroup;
			children = (
				DD8C1C6B26934E6A006CDD9C /* PacotesViagensViewController.swift */,
			);
			path = Controller;
			sourceTree = "<group>";
		};
		DD8C1C6A26934E3B006CDD9C /* View */ = {
			isa = PBXGroup;
			children = (
				DD8C1C6F26934F79006CDD9C /* PacoteViagemCollectionViewCell.swift */,
			);
			path = View;
			sourceTree = "<group>";
		};
		DD8C1C7226949944006CDD9C /* DetalhesViagem */ = {
			isa = PBXGroup;
			children = (
				DD8C1C7326949953006CDD9C /* Controller */,
				DD8C1C742694995D006CDD9C /* View */,
			);
			path = DetalhesViagem;
			sourceTree = "<group>";
		};
		DD8C1C7326949953006CDD9C /* Controller */ = {
			isa = PBXGroup;
			children = (
				DD8C1C75269499A7006CDD9C /* DetalhesViagemViewController.swift */,
			);
			path = Controller;
			sourceTree = "<group>";
		};
		DD8C1C742694995D006CDD9C /* View */ = {
			isa = PBXGroup;
			children = (
			);
			path = View;
			sourceTree = "<group>";
		};
		DD8C1C832694A18F006CDD9C /* Assets */ = {
			isa = PBXGroup;
			children = (
				DD8C1C842694A18F006CDD9C /* icon_back.png */,
				DD8C1C852694A18F006CDD9C /* icon_search@2x.png */,
				DD8C1C862694A18F006CDD9C /* icon_package@2x.png */,
				DD8C1C872694A18F006CDD9C /* img9.jpg */,
				DD8C1C882694A18F006CDD9C /* img8.jpg */,
				DD8C1C892694A18F006CDD9C /* icon_airplane.png */,
				DD8C1C8A2694A18F006CDD9C /* img5.jpg */,
				DD8C1C8B2694A18F006CDD9C /* img4.jpg */,
				DD8C1C8C2694A18F006CDD9C /* img6.jpg */,
				DD8C1C8D2694A18F006CDD9C /* img7.jpg */,
				DD8C1C8E2694A18F006CDD9C /* img3.jpg */,
				DD8C1C8F2694A18F006CDD9C /* img2.jpg */,
				DD8C1C902694A18F006CDD9C /* icon_breakfast.png */,
				DD8C1C912694A18F006CDD9C /* img1.png */,
				DD8C1C922694A18F006CDD9C /* img11.jpg */,
				DD8C1C932694A18F006CDD9C /* img10.jpg */,
				DD8C1C942694A18F006CDD9C /* icon_hotel.png */,
			);
			path = Assets;
			sourceTree = "<group>";
		};
		DDE0B0E82694DF09004A2CC9 /* ConfirmacaoPagamento */ = {
			isa = PBXGroup;
			children = (
				DDE0B0E92694DF2C004A2CC9 /* Controller */,
			);
			path = ConfirmacaoPagamento;
			sourceTree = "<group>";
		};
		DDE0B0E92694DF2C004A2CC9 /* Controller */ = {
			isa = PBXGroup;
			children = (
				DDE0B0EA2694DF48004A2CC9 /* ConfirmacaoPagamentoViewController.swift */,
			);
			path = Controller;
			sourceTree = "<group>";
		};
/* End PBXGroup section */

/* Begin PBXNativeTarget section */
		DD8C1C2C268CAF93006CDD9C /* Viagens */ = {
			isa = PBXNativeTarget;
			buildConfigurationList = DD8C1C41268CAF94006CDD9C /* Build configuration list for PBXNativeTarget "Viagens" */;
			buildPhases = (
				DD8C1C29268CAF93006CDD9C /* Sources */,
				DD8C1C2A268CAF93006CDD9C /* Frameworks */,
				DD8C1C2B268CAF93006CDD9C /* Resources */,
			);
			buildRules = (
			);
			dependencies = (
			);
			name = Viagens;
			productName = Viagens;
			productReference = DD8C1C2D268CAF93006CDD9C /* Viagens.app */;
			productType = "com.apple.product-type.application";
		};
/* End PBXNativeTarget section */

/* Begin PBXProject section */
		DD8C1C25268CAF93006CDD9C /* Project object */ = {
			isa = PBXProject;
			attributes = {
				LastSwiftUpdateCheck = 1210;
				LastUpgradeCheck = 1210;
				TargetAttributes = {
					DD8C1C2C268CAF93006CDD9C = {
						CreatedOnToolsVersion = 12.1;
					};
				};
			};
			buildConfigurationList = DD8C1C28268CAF93006CDD9C /* Build configuration list for PBXProject "Viagens" */;
			compatibilityVersion = "Xcode 9.3";
			developmentRegion = en;
			hasScannedForEncodings = 0;
			knownRegions = (
				en,
				Base,
			);
			mainGroup = DD8C1C24268CAF93006CDD9C;
			productRefGroup = DD8C1C2E268CAF93006CDD9C /* Products */;
			projectDirPath = "";
			projectRoot = "";
			targets = (
				DD8C1C2C268CAF93006CDD9C /* Viagens */,
			);
		};
/* End PBXProject section */

/* Begin PBXResourcesBuildPhase section */
		DD8C1C2B268CAF93006CDD9C /* Resources */ = {
			isa = PBXResourcesBuildPhase;
			buildActionMask = 2147483647;
			files = (
				DD8C1CA12694A18F006CDD9C /* icon_breakfast.png in Resources */,
				DD8C1C972694A18F006CDD9C /* icon_package@2x.png in Resources */,
				DD8C1CA02694A18F006CDD9C /* img2.jpg in Resources */,
				DD8C1C9C2694A18F006CDD9C /* img4.jpg in Resources */,
				DD8C1C9B2694A18F006CDD9C /* img5.jpg in Resources */,
				DD8C1C9F2694A18F006CDD9C /* img3.jpg in Resources */,
				DD8C1C3D268CAF94006CDD9C /* LaunchScreen.storyboard in Resources */,
				DD8C1CA22694A18F006CDD9C /* img1.png in Resources */,
				DD8C1C952694A18F006CDD9C /* icon_back.png in Resources */,
				DD8C1C3A268CAF94006CDD9C /* Assets.xcassets in Resources */,
				DD8C1C992694A18F006CDD9C /* img8.jpg in Resources */,
				DD8C1C9E2694A18F006CDD9C /* img7.jpg in Resources */,
				DD8C1C38268CAF93006CDD9C /* Main.storyboard in Resources */,
				DD8C1CA42694A18F006CDD9C /* img10.jpg in Resources */,
				DD8C1C962694A18F006CDD9C /* icon_search@2x.png in Resources */,
				DD8C1C9A2694A18F006CDD9C /* icon_airplane.png in Resources */,
				DD8C1C9D2694A18F006CDD9C /* img6.jpg in Resources */,
				DD8C1CA52694A18F006CDD9C /* icon_hotel.png in Resources */,
				DD8C1C982694A18F006CDD9C /* img9.jpg in Resources */,
				DD8C1CA32694A18F006CDD9C /* img11.jpg in Resources */,
			);
			runOnlyForDeploymentPostprocessing = 0;
		};
/* End PBXResourcesBuildPhase section */

/* Begin PBXSourcesBuildPhase section */
		DD8C1C29268CAF93006CDD9C /* Sources */ = {
			isa = PBXSourcesBuildPhase;
			buildActionMask = 2147483647;
			files = (
				DD8C1C6C26934E6A006CDD9C /* PacotesViagensViewController.swift in Sources */,
				DD8C1C46268CB6A2006CDD9C /* Viagem.swift in Sources */,
				DD8C1C35268CAF93006CDD9C /* ViewController.swift in Sources */,
				DD8C1C7026934F79006CDD9C /* PacoteViagemCollectionViewCell.swift in Sources */,
				DDE0B0EB2694DF48004A2CC9 /* ConfirmacaoPagamentoViewController.swift in Sources */,
				DD8C1C4D268CB8B5006CDD9C /* TableViewCell.swift in Sources */,
				DD8C1C7C2694A122006CDD9C /* ViagemDAO.swift in Sources */,
				DD8C1C7926949EE6006CDD9C /* PacoteViagem.swift in Sources */,
				DD8C1C31268CAF93006CDD9C /* AppDelegate.swift in Sources */,
				DD8C1C76269499A7006CDD9C /* DetalhesViagemViewController.swift in Sources */,
				DD8C1C802694A157006CDD9C /* PacoteViagemDAO.swift in Sources */,
				DD8C1C33268CAF93006CDD9C /* SceneDelegate.swift in Sources */,
			);
			runOnlyForDeploymentPostprocessing = 0;
		};
/* End PBXSourcesBuildPhase section */

/* Begin PBXVariantGroup section */
		DD8C1C36268CAF93006CDD9C /* Main.storyboard */ = {
			isa = PBXVariantGroup;
			children = (
				DD8C1C37268CAF93006CDD9C /* Base */,
			);
			name = Main.storyboard;
			sourceTree = "<group>";
		};
		DD8C1C3B268CAF94006CDD9C /* LaunchScreen.storyboard */ = {
			isa = PBXVariantGroup;
			children = (
				DD8C1C3C268CAF94006CDD9C /* Base */,
			);
			name = LaunchScreen.storyboard;
			sourceTree = "<group>";
		};
/* End PBXVariantGroup section */

/* Begin XCBuildConfiguration section */
		DD8C1C3F268CAF94006CDD9C /* Debug */ = {
			isa = XCBuildConfiguration;
			buildSettings = {
				ALWAYS_SEARCH_USER_PATHS = NO;
				CLANG_ANALYZER_NONNULL = YES;
				CLANG_ANALYZER_NUMBER_OBJECT_CONVERSION = YES_AGGRESSIVE;
				CLANG_CXX_LANGUAGE_STANDARD = "gnu++14";
				CLANG_CXX_LIBRARY = "libc++";
				CLANG_ENABLE_MODULES = YES;
				CLANG_ENABLE_OBJC_ARC = YES;
				CLANG_ENABLE_OBJC_WEAK = YES;
				CLANG_WARN_BLOCK_CAPTURE_AUTORELEASING = YES;
				CLANG_WARN_BOOL_CONVERSION = YES;
				CLANG_WARN_COMMA = YES;
				CLANG_WARN_CONSTANT_CONVERSION = YES;
				CLANG_WARN_DEPRECATED_OBJC_IMPLEMENTATIONS = YES;
				CLANG_WARN_DIRECT_OBJC_ISA_USAGE = YES_ERROR;
				CLANG_WARN_DOCUMENTATION_COMMENTS = YES;
				CLANG_WARN_EMPTY_BODY = YES;
				CLANG_WARN_ENUM_CONVERSION = YES;
				CLANG_WARN_INFINITE_RECURSION = YES;
				CLANG_WARN_INT_CONVERSION = YES;
				CLANG_WARN_NON_LITERAL_NULL_CONVERSION = YES;
				CLANG_WARN_OBJC_IMPLICIT_RETAIN_SELF = YES;
				CLANG_WARN_OBJC_LITERAL_CONVERSION = YES;
				CLANG_WARN_OBJC_ROOT_CLASS = YES_ERROR;
				CLANG_WARN_QUOTED_INCLUDE_IN_FRAMEWORK_HEADER = YES;
				CLANG_WARN_RANGE_LOOP_ANALYSIS = YES;
				CLANG_WARN_STRICT_PROTOTYPES = YES;
				CLANG_WARN_SUSPICIOUS_MOVE = YES;
				CLANG_WARN_UNGUARDED_AVAILABILITY = YES_AGGRESSIVE;
				CLANG_WARN_UNREACHABLE_CODE = YES;
				CLANG_WARN__DUPLICATE_METHOD_MATCH = YES;
				COPY_PHASE_STRIP = NO;
				DEBUG_INFORMATION_FORMAT = dwarf;
				ENABLE_STRICT_OBJC_MSGSEND = YES;
				ENABLE_TESTABILITY = YES;
				GCC_C_LANGUAGE_STANDARD = gnu11;
				GCC_DYNAMIC_NO_PIC = NO;
				GCC_NO_COMMON_BLOCKS = YES;
				GCC_OPTIMIZATION_LEVEL = 0;
				GCC_PREPROCESSOR_DEFINITIONS = (
					"DEBUG=1",
					"$(inherited)",
				);
				GCC_WARN_64_TO_32_BIT_CONVERSION = YES;
				GCC_WARN_ABOUT_RETURN_TYPE = YES_ERROR;
				GCC_WARN_UNDECLARED_SELECTOR = YES;
				GCC_WARN_UNINITIALIZED_AUTOS = YES_AGGRESSIVE;
				GCC_WARN_UNUSED_FUNCTION = YES;
				GCC_WARN_UNUSED_VARIABLE = YES;
				IPHONEOS_DEPLOYMENT_TARGET = 14.1;
				MTL_ENABLE_DEBUG_INFO = INCLUDE_SOURCE;
				MTL_FAST_MATH = YES;
				ONLY_ACTIVE_ARCH = YES;
				SDKROOT = iphoneos;
				SWIFT_ACTIVE_COMPILATION_CONDITIONS = DEBUG;
				SWIFT_OPTIMIZATION_LEVEL = "-Onone";
			};
			name = Debug;
		};
		DD8C1C40268CAF94006CDD9C /* Release */ = {
			isa = XCBuildConfiguration;
			buildSettings = {
				ALWAYS_SEARCH_USER_PATHS = NO;
				CLANG_ANALYZER_NONNULL = YES;
				CLANG_ANALYZER_NUMBER_OBJECT_CONVERSION = YES_AGGRESSIVE;
				CLANG_CXX_LANGUAGE_STANDARD = "gnu++14";
				CLANG_CXX_LIBRARY = "libc++";
				CLANG_ENABLE_MODULES = YES;
				CLANG_ENABLE_OBJC_ARC = YES;
				CLANG_ENABLE_OBJC_WEAK = YES;
				CLANG_WARN_BLOCK_CAPTURE_AUTORELEASING = YES;
				CLANG_WARN_BOOL_CONVERSION = YES;
				CLANG_WARN_COMMA = YES;
				CLANG_WARN_CONSTANT_CONVERSION = YES;
				CLANG_WARN_DEPRECATED_OBJC_IMPLEMENTATIONS = YES;
				CLANG_WARN_DIRECT_OBJC_ISA_USAGE = YES_ERROR;
				CLANG_WARN_DOCUMENTATION_COMMENTS = YES;
				CLANG_WARN_EMPTY_BODY = YES;
				CLANG_WARN_ENUM_CONVERSION = YES;
				CLANG_WARN_INFINITE_RECURSION = YES;
				CLANG_WARN_INT_CONVERSION = YES;
				CLANG_WARN_NON_LITERAL_NULL_CONVERSION = YES;
				CLANG_WARN_OBJC_IMPLICIT_RETAIN_SELF = YES;
				CLANG_WARN_OBJC_LITERAL_CONVERSION = YES;
				CLANG_WARN_OBJC_ROOT_CLASS = YES_ERROR;
				CLANG_WARN_QUOTED_INCLUDE_IN_FRAMEWORK_HEADER = YES;
				CLANG_WARN_RANGE_LOOP_ANALYSIS = YES;
				CLANG_WARN_STRICT_PROTOTYPES = YES;
				CLANG_WARN_SUSPICIOUS_MOVE = YES;
				CLANG_WARN_UNGUARDED_AVAILABILITY = YES_AGGRESSIVE;
				CLANG_WARN_UNREACHABLE_CODE = YES;
				CLANG_WARN__DUPLICATE_METHOD_MATCH = YES;
				COPY_PHASE_STRIP = NO;
				DEBUG_INFORMATION_FORMAT = "dwarf-with-dsym";
				ENABLE_NS_ASSERTIONS = NO;
				ENABLE_STRICT_OBJC_MSGSEND = YES;
				GCC_C_LANGUAGE_STANDARD = gnu11;
				GCC_NO_COMMON_BLOCKS = YES;
				GCC_WARN_64_TO_32_BIT_CONVERSION = YES;
				GCC_WARN_ABOUT_RETURN_TYPE = YES_ERROR;
				GCC_WARN_UNDECLARED_SELECTOR = YES;
				GCC_WARN_UNINITIALIZED_AUTOS = YES_AGGRESSIVE;
				GCC_WARN_UNUSED_FUNCTION = YES;
				GCC_WARN_UNUSED_VARIABLE = YES;
				IPHONEOS_DEPLOYMENT_TARGET = 14.1;
				MTL_ENABLE_DEBUG_INFO = NO;
				MTL_FAST_MATH = YES;
				SDKROOT = iphoneos;
				SWIFT_COMPILATION_MODE = wholemodule;
				SWIFT_OPTIMIZATION_LEVEL = "-O";
				VALIDATE_PRODUCT = YES;
			};
			name = Release;
		};
		DD8C1C42268CAF94006CDD9C /* Debug */ = {
			isa = XCBuildConfiguration;
			buildSettings = {
				ASSETCATALOG_COMPILER_APPICON_NAME = AppIcon;
				ASSETCATALOG_COMPILER_GLOBAL_ACCENT_COLOR_NAME = AccentColor;
				CODE_SIGN_STYLE = Automatic;
				INFOPLIST_FILE = Viagens/Info.plist;
				LD_RUNPATH_SEARCH_PATHS = (
					"$(inherited)",
					"@executable_path/Frameworks",
				);
				PRODUCT_BUNDLE_IDENTIFIER = com.viniciustsalomao.Viagens;
				PRODUCT_NAME = "$(TARGET_NAME)";
				SWIFT_VERSION = 5.0;
				TARGETED_DEVICE_FAMILY = "1,2";
			};
			name = Debug;
		};
		DD8C1C43268CAF94006CDD9C /* Release */ = {
			isa = XCBuildConfiguration;
			buildSettings = {
				ASSETCATALOG_COMPILER_APPICON_NAME = AppIcon;
				ASSETCATALOG_COMPILER_GLOBAL_ACCENT_COLOR_NAME = AccentColor;
				CODE_SIGN_STYLE = Automatic;
				INFOPLIST_FILE = Viagens/Info.plist;
				LD_RUNPATH_SEARCH_PATHS = (
					"$(inherited)",
					"@executable_path/Frameworks",
				);
				PRODUCT_BUNDLE_IDENTIFIER = com.viniciustsalomao.Viagens;
				PRODUCT_NAME = "$(TARGET_NAME)";
				SWIFT_VERSION = 5.0;
				TARGETED_DEVICE_FAMILY = "1,2";
			};
			name = Release;
		};
/* End XCBuildConfiguration section */

/* Begin XCConfigurationList section */
		DD8C1C28268CAF93006CDD9C /* Build configuration list for PBXProject "Viagens" */ = {
			isa = XCConfigurationList;
			buildConfigurations = (
				DD8C1C3F268CAF94006CDD9C /* Debug */,
				DD8C1C40268CAF94006CDD9C /* Release */,
			);
			defaultConfigurationIsVisible = 0;
			defaultConfigurationName = Release;
		};
		DD8C1C41268CAF94006CDD9C /* Build configuration list for PBXNativeTarget "Viagens" */ = {
			isa = XCConfigurationList;
			buildConfigurations = (
				DD8C1C42268CAF94006CDD9C /* Debug */,
				DD8C1C43268CAF94006CDD9C /* Release */,
			);
			defaultConfigurationIsVisible = 0;
			defaultConfigurationName = Release;
		};
/* End XCConfigurationList section */
	};
	rootObject = DD8C1C25268CAF93006CDD9C /* Project object */;
}
